
Microsoft Visual Studio Solution File, Format Version 12.00
# Visual Studio Version 17
VisualStudioVersion = 17.0.31903.59
MinimumVisualStudioVersion = 10.0.40219.1
Project("{2150E333-8FDC-42A3-9474-1A3956D46DE8}") = "src", "src", "{4E7BAE43-8DCB-4F11-B577-253EA722B2DC}"
EndProject
Project("{2150E333-8FDC-42A3-9474-1A3956D46DE8}") = "Application", "Application", "{32127C6E-7B13-464D-A531-2AB221C77E61}"
EndProject
Project("{FAE04EC0-301F-11D3-BF4B-00C04F79EFBC}") = "Expenses.Application", "src\Application\Expenses.Application\Expenses.Application.csproj", "{23EE7F76-FA33-4010-8D1F-7C6FE7E7A985}"
EndProject
Project("{2150E333-8FDC-42A3-9474-1A3956D46DE8}") = "Domain", "Domain", "{FC7BD72F-213A-4833-AC84-0DA5891DAEA4}"
EndProject
Project("{FAE04EC0-301F-11D3-BF4B-00C04F79EFBC}") = "Expenses.Domain", "src\Domain\Expenses.Domain\Expenses.Domain.csproj", "{C86E7A57-0821-4E97-B986-6BFDBFA16337}"
EndProject
Project("{2150E333-8FDC-42A3-9474-1A3956D46DE8}") = "Webapi", "Webapi", "{46024F98-ECAE-44F1-976F-2E7BB0E9B0C1}"
EndProject
Project("{FAE04EC0-301F-11D3-BF4B-00C04F79EFBC}") = "Expenses.Webapi", "src\Webapi\Expenses.Webapi\Expenses.Webapi.csproj", "{EC8D42FB-F99B-4EAE-A6B9-A9709B6AE7FA}"
EndProject
Project("{2150E333-8FDC-42A3-9474-1A3956D46DE8}") = "Infrastructure", "Infrastructure", "{DE19DB1A-9A43-4653-92EA-C290DF217DC1}"
EndProject
Project("{FAE04EC0-301F-11D3-BF4B-00C04F79EFBC}") = "Expenses.Infrastructure", "src\Infrastructure\Expenses.Infrastructure\Expenses.Infrastructure.csproj", "{0B2EBA01-0F7A-4BEE-8943-998011D70DB1}"
EndProject
Global
	GlobalSection(SolutionConfigurationPlatforms) = preSolution
		Debug|Any CPU = Debug|Any CPU
		Release|Any CPU = Release|Any CPU
	EndGlobalSection
	GlobalSection(SolutionProperties) = preSolution
		HideSolutionNode = FALSE
	EndGlobalSection
	GlobalSection(ProjectConfigurationPlatforms) = postSolution
		{23EE7F76-FA33-4010-8D1F-7C6FE7E7A985}.Debug|Any CPU.ActiveCfg = Debug|Any CPU
		{23EE7F76-FA33-4010-8D1F-7C6FE7E7A985}.Debug|Any CPU.Build.0 = Debug|Any CPU
		{23EE7F76-FA33-4010-8D1F-7C6FE7E7A985}.Release|Any CPU.ActiveCfg = Release|Any CPU
		{23EE7F76-FA33-4010-8D1F-7C6FE7E7A985}.Release|Any CPU.Build.0 = Release|Any CPU
		{C86E7A57-0821-4E97-B986-6BFDBFA16337}.Debug|Any CPU.ActiveCfg = Debug|Any CPU
		{C86E7A57-0821-4E97-B986-6BFDBFA16337}.Debug|Any CPU.Build.0 = Debug|Any CPU
		{C86E7A57-0821-4E97-B986-6BFDBFA16337}.Release|Any CPU.ActiveCfg = Release|Any CPU
		{C86E7A57-0821-4E97-B986-6BFDBFA16337}.Release|Any CPU.Build.0 = Release|Any CPU
		{EC8D42FB-F99B-4EAE-A6B9-A9709B6AE7FA}.Debug|Any CPU.ActiveCfg = Debug|Any CPU
		{EC8D42FB-F99B-4EAE-A6B9-A9709B6AE7FA}.Debug|Any CPU.Build.0 = Debug|Any CPU
		{EC8D42FB-F99B-4EAE-A6B9-A9709B6AE7FA}.Release|Any CPU.ActiveCfg = Release|Any CPU
		{EC8D42FB-F99B-4EAE-A6B9-A9709B6AE7FA}.Release|Any CPU.Build.0 = Release|Any CPU
		{0B2EBA01-0F7A-4BEE-8943-998011D70DB1}.Debug|Any CPU.ActiveCfg = Debug|Any CPU
		{0B2EBA01-0F7A-4BEE-8943-998011D70DB1}.Debug|Any CPU.Build.0 = Debug|Any CPU
		{0B2EBA01-0F7A-4BEE-8943-998011D70DB1}.Release|Any CPU.ActiveCfg = Release|Any CPU
		{0B2EBA01-0F7A-4BEE-8943-998011D70DB1}.Release|Any CPU.Build.0 = Release|Any CPU
	EndGlobalSection
	GlobalSection(NestedProjects) = preSolution
		{32127C6E-7B13-464D-A531-2AB221C77E61} = {4E7BAE43-8DCB-4F11-B577-253EA722B2DC}
		{23EE7F76-FA33-4010-8D1F-7C6FE7E7A985} = {32127C6E-7B13-464D-A531-2AB221C77E61}
		{FC7BD72F-213A-4833-AC84-0DA5891DAEA4} = {4E7BAE43-8DCB-4F11-B577-253EA722B2DC}
		{C86E7A57-0821-4E97-B986-6BFDBFA16337} = {FC7BD72F-213A-4833-AC84-0DA5891DAEA4}
		{46024F98-ECAE-44F1-976F-2E7BB0E9B0C1} = {4E7BAE43-8DCB-4F11-B577-253EA722B2DC}
		{EC8D42FB-F99B-4EAE-A6B9-A9709B6AE7FA} = {46024F98-ECAE-44F1-976F-2E7BB0E9B0C1}
		{DE19DB1A-9A43-4653-92EA-C290DF217DC1} = {4E7BAE43-8DCB-4F11-B577-253EA722B2DC}
		{0B2EBA01-0F7A-4BEE-8943-998011D70DB1} = {DE19DB1A-9A43-4653-92EA-C290DF217DC1}
	EndGlobalSection
EndGlobal
